// !$*UTF8*$!
{
	archiveVersion = 1;
	classes = {
	};
	objectVersion = 56;
	objects = {

/* Begin PBXBuildFile section */
		DBCEC37C2B69D4A900062F4D /* FavouriteAnimation.swift in Sources */ = {isa = PBXBuildFile; fileRef = DBCEC37B2B69D4A900062F4D /* FavouriteAnimation.swift */; };
		DBCEC3852B69D9CE00062F4D /* ConfusedCat.json in Resources */ = {isa = PBXBuildFile; fileRef = DBCEC37F2B69D9CE00062F4D /* ConfusedCat.json */; };
		DBCEC3862B69D9CE00062F4D /* SpaceMan.json in Resources */ = {isa = PBXBuildFile; fileRef = DBCEC3802B69D9CE00062F4D /* SpaceMan.json */; };
		DBCEC3872B69D9CE00062F4D /* Stars.json in Resources */ = {isa = PBXBuildFile; fileRef = DBCEC3812B69D9CE00062F4D /* Stars.json */; };
		DBCEC3882B69D9CE00062F4D /* PaperClip.json in Resources */ = {isa = PBXBuildFile; fileRef = DBCEC3822B69D9CE00062F4D /* PaperClip.json */; };
		DBCEC3892B69D9CE00062F4D /* DogEatingNoodle.json in Resources */ = {isa = PBXBuildFile; fileRef = DBCEC3832B69D9CE00062F4D /* DogEatingNoodle.json */; };
		DBCEC38A2B69D9CE00062F4D /* LoadingBoxes.json in Resources */ = {isa = PBXBuildFile; fileRef = DBCEC3842B69D9CE00062F4D /* LoadingBoxes.json */; };
		DBCEC38C2B69DA0600062F4D /* AnimationsListView.swift in Sources */ = {isa = PBXBuildFile; fileRef = DBCEC38B2B69DA0600062F4D /* AnimationsListView.swift */; };
		DBD5BCD52B67E336009A1EEA /* AnimationsApp.swift in Sources */ = {isa = PBXBuildFile; fileRef = DBD5BCD42B67E336009A1EEA /* AnimationsApp.swift */; };
		DBD5BCD72B67E336009A1EEA /* ContentView.swift in Sources */ = {isa = PBXBuildFile; fileRef = DBD5BCD62B67E336009A1EEA /* ContentView.swift */; };
		DBD5BCD92B67E33A009A1EEA /* Assets.xcassets in Resources */ = {isa = PBXBuildFile; fileRef = DBD5BCD82B67E33A009A1EEA /* Assets.xcassets */; };
		DBD5BCDC2B67E33A009A1EEA /* Preview Assets.xcassets in Resources */ = {isa = PBXBuildFile; fileRef = DBD5BCDB2B67E33A009A1EEA /* Preview Assets.xcassets */; };
		DBD5BCE42B67E725009A1EEA /* Lottie in Frameworks */ = {isa = PBXBuildFile; productRef = DBD5BCE32B67E725009A1EEA /* Lottie */; };
/* End PBXBuildFile section */

/* Begin PBXFileReference section */
		DBCEC37B2B69D4A900062F4D /* FavouriteAnimation.swift */ = {isa = PBXFileReference; lastKnownFileType = sourcecode.swift; path = FavouriteAnimation.swift; sourceTree = "<group>"; };
		DBCEC37F2B69D9CE00062F4D /* ConfusedCat.json */ = {isa = PBXFileReference; fileEncoding = 4; lastKnownFileType = text.json; path = ConfusedCat.json; sourceTree = "<group>"; };
		DBCEC3802B69D9CE00062F4D /* SpaceMan.json */ = {isa = PBXFileReference; fileEncoding = 4; lastKnownFileType = text.json; path = SpaceMan.json; sourceTree = "<group>"; };
		DBCEC3812B69D9CE00062F4D /* Stars.json */ = {isa = PBXFileReference; fileEncoding = 4; lastKnownFileType = text.json; path = Stars.json; sourceTree = "<group>"; };
		DBCEC3822B69D9CE00062F4D /* PaperClip.json */ = {isa = PBXFileReference; fileEncoding = 4; lastKnownFileType = text.json; path = PaperClip.json; sourceTree = "<group>"; };
		DBCEC3832B69D9CE00062F4D /* DogEatingNoodle.json */ = {isa = PBXFileReference; fileEncoding = 4; lastKnownFileType = text.json; path = DogEatingNoodle.json; sourceTree = "<group>"; };
		DBCEC3842B69D9CE00062F4D /* LoadingBoxes.json */ = {isa = PBXFileReference; fileEncoding = 4; lastKnownFileType = text.json; path = LoadingBoxes.json; sourceTree = "<group>"; };
		DBCEC38B2B69DA0600062F4D /* AnimationsListView.swift */ = {isa = PBXFileReference; lastKnownFileType = sourcecode.swift; path = AnimationsListView.swift; sourceTree = "<group>"; };
		DBD5BCD12B67E336009A1EEA /* Animations.app */ = {isa = PBXFileReference; explicitFileType = wrapper.application; includeInIndex = 0; path = Animations.app; sourceTree = BUILT_PRODUCTS_DIR; };
		DBD5BCD42B67E336009A1EEA /* AnimationsApp.swift */ = {isa = PBXFileReference; lastKnownFileType = sourcecode.swift; path = AnimationsApp.swift; sourceTree = "<group>"; };
		DBD5BCD62B67E336009A1EEA /* ContentView.swift */ = {isa = PBXFileReference; lastKnownFileType = sourcecode.swift; path = ContentView.swift; sourceTree = "<group>"; };
		DBD5BCD82B67E33A009A1EEA /* Assets.xcassets */ = {isa = PBXFileReference; lastKnownFileType = folder.assetcatalog; path = Assets.xcassets; sourceTree = "<group>"; };
		DBD5BCDB2B67E33A009A1EEA /* Preview Assets.xcassets */ = {isa = PBXFileReference; lastKnownFileType = folder.assetcatalog; path = "Preview Assets.xcassets"; sourceTree = "<group>"; };
/* End PBXFileReference section */

/* Begin PBXFrameworksBuildPhase section */
		DBD5BCCE2B67E336009A1EEA /* Frameworks */ = {
			isa = PBXFrameworksBuildPhase;
			buildActionMask = 2147483647;
			files = (
				DBD5BCE42B67E725009A1EEA /* Lottie in Frameworks */,
			);
			runOnlyForDeploymentPostprocessing = 0;
		};
/* End PBXFrameworksBuildPhase section */

/* Begin PBXGroup section */
		DBCEC34E2B69D14400062F4D /* Animations */ = {
			isa = PBXGroup;
			children = (
				DBCEC37F2B69D9CE00062F4D /* ConfusedCat.json */,
				DBCEC3832B69D9CE00062F4D /* DogEatingNoodle.json */,
				DBCEC3842B69D9CE00062F4D /* LoadingBoxes.json */,
				DBCEC3822B69D9CE00062F4D /* PaperClip.json */,
				DBCEC3802B69D9CE00062F4D /* SpaceMan.json */,
				DBCEC3812B69D9CE00062F4D /* Stars.json */,
			);
			path = Animations;
			sourceTree = "<group>";
		};
		DBCEC37D2B69D4C000062F4D /* Model */ = {
			isa = PBXGroup;
			children = (
				DBCEC37B2B69D4A900062F4D /* FavouriteAnimation.swift */,
				DBCEC37E2B69D4DC00062F4D /* Views */,
			);
			path = Model;
			sourceTree = "<group>";
		};
		DBCEC37E2B69D4DC00062F4D /* Views */ = {
			isa = PBXGroup;
			children = (
				DBCEC38B2B69DA0600062F4D /* AnimationsListView.swift */,
				DBD5BCD62B67E336009A1EEA /* ContentView.swift */,
			);
			path = Views;
			sourceTree = "<group>";
		};
		DBD5BCC82B67E336009A1EEA = {
			isa = PBXGroup;
			children = (
				DBD5BCD32B67E336009A1EEA /* Animations */,
				DBD5BCD22B67E336009A1EEA /* Products */,
			);
			sourceTree = "<group>";
		};
		DBD5BCD22B67E336009A1EEA /* Products */ = {
			isa = PBXGroup;
			children = (
				DBD5BCD12B67E336009A1EEA /* Animations.app */,
			);
			name = Products;
			sourceTree = "<group>";
		};
		DBD5BCD32B67E336009A1EEA /* Animations */ = {
			isa = PBXGroup;
			children = (
				DBD5BCD42B67E336009A1EEA /* AnimationsApp.swift */,
				DBCEC34E2B69D14400062F4D /* Animations */,
				DBCEC37D2B69D4C000062F4D /* Model */,
				DBD5BCD82B67E33A009A1EEA /* Assets.xcassets */,
				DBD5BCDA2B67E33A009A1EEA /* Preview Content */,
			);
			path = Animations;
			sourceTree = "<group>";
		};
		DBD5BCDA2B67E33A009A1EEA /* Preview Content */ = {
			isa = PBXGroup;
			children = (
				DBD5BCDB2B67E33A009A1EEA /* Preview Assets.xcassets */,
			);
			path = "Preview Content";
			sourceTree = "<group>";
		};
/* End PBXGroup section */

/* Begin PBXNativeTarget section */
		DBD5BCD02B67E336009A1EEA /* Animations */ = {
			isa = PBXNativeTarget;
			buildConfigurationList = DBD5BCDF2B67E33A009A1EEA /* Build configuration list for PBXNativeTarget "Animations" */;
			buildPhases = (
				DBD5BCCD2B67E336009A1EEA /* Sources */,
				DBD5BCCE2B67E336009A1EEA /* Frameworks */,
				DBD5BCCF2B67E336009A1EEA /* Resources */,
			);
			buildRules = (
			);
			dependencies = (
			);
			name = Animations;
			packageProductDependencies = (
				DBD5BCE32B67E725009A1EEA /* Lottie */,
			);
			productName = Animations;
			productReference = DBD5BCD12B67E336009A1EEA /* Animations.app */;
			productType = "com.apple.product-type.application";
		};
/* End PBXNativeTarget section */

/* Begin PBXProject section */
		DBD5BCC92B67E336009A1EEA /* Project object */ = {
			isa = PBXProject;
			attributes = {
				BuildIndependentTargetsInParallel = 1;
				LastSwiftUpdateCheck = 1520;
				LastUpgradeCheck = 1520;
				TargetAttributes = {
					DBD5BCD02B67E336009A1EEA = {
						CreatedOnToolsVersion = 15.2;
					};
				};
			};
			buildConfigurationList = DBD5BCCC2B67E336009A1EEA /* Build configuration list for PBXProject "Animations" */;
			compatibilityVersion = "Xcode 14.0";
			developmentRegion = en;
			hasScannedForEncodings = 0;
			knownRegions = (
				en,
				Base,
			);
			mainGroup = DBD5BCC82B67E336009A1EEA;
			packageReferences = (
				DBD5BCE22B67E725009A1EEA /* XCRemoteSwiftPackageReference "lottie-ios" */,
			);
			productRefGroup = DBD5BCD22B67E336009A1EEA /* Products */;
			projectDirPath = "";
			projectRoot = "";
			targets = (
				DBD5BCD02B67E336009A1EEA /* Animations */,
			);
		};
/* End PBXProject section */

/* Begin PBXResourcesBuildPhase section */
		DBD5BCCF2B67E336009A1EEA /* Resources */ = {
			isa = PBXResourcesBuildPhase;
			buildActionMask = 2147483647;
			files = (
				DBCEC38A2B69D9CE00062F4D /* LoadingBoxes.json in Resources */,
				DBCEC3882B69D9CE00062F4D /* PaperClip.json in Resources */,
				DBD5BCDC2B67E33A009A1EEA /* Preview Assets.xcassets in Resources */,
				DBCEC3892B69D9CE00062F4D /* DogEatingNoodle.json in Resources */,
				DBCEC3862B69D9CE00062F4D /* SpaceMan.json in Resources */,
				DBD5BCD92B67E33A009A1EEA /* Assets.xcassets in Resources */,
				DBCEC3872B69D9CE00062F4D /* Stars.json in Resources */,
				DBCEC3852B69D9CE00062F4D /* ConfusedCat.json in Resources */,
			);
			runOnlyForDeploymentPostprocessing = 0;
		};
/* End PBXResourcesBuildPhase section */

/* Begin PBXSourcesBuildPhase section */
		DBD5BCCD2B67E336009A1EEA /* Sources */ = {
			isa = PBXSourcesBuildPhase;
			buildActionMask = 2147483647;
			files = (
				DBCEC37C2B69D4A900062F4D /* FavouriteAnimation.swift in Sources */,
				DBCEC38C2B69DA0600062F4D /* AnimationsListView.swift in Sources */,
				DBD5BCD72B67E336009A1EEA /* ContentView.swift in Sources */,
				DBD5BCD52B67E336009A1EEA /* AnimationsApp.swift in Sources */,
			);
			runOnlyForDeploymentPostprocessing = 0;
		};
/* End PBXSourcesBuildPhase section */

/* Begin XCBuildConfiguration section */
		DBD5BCDD2B67E33A009A1EEA /* Debug */ = {
			isa = XCBuildConfiguration;
			buildSettings = {
				ALWAYS_SEARCH_USER_PATHS = NO;
				ASSETCATALOG_COMPILER_GENERATE_SWIFT_ASSET_SYMBOL_EXTENSIONS = YES;
				CLANG_ANALYZER_NONNULL = YES;
				CLANG_ANALYZER_NUMBER_OBJECT_CONVERSION = YES_AGGRESSIVE;
				CLANG_CXX_LANGUAGE_STANDARD = "gnu++20";
				CLANG_ENABLE_MODULES = YES;
				CLANG_ENABLE_OBJC_ARC = YES;
				CLANG_ENABLE_OBJC_WEAK = YES;
				CLANG_WARN_BLOCK_CAPTURE_AUTORELEASING = YES;
				CLANG_WARN_BOOL_CONVERSION = YES;
				CLANG_WARN_COMMA = YES;
				CLANG_WARN_CONSTANT_CONVERSION = YES;
				CLANG_WARN_DEPRECATED_OBJC_IMPLEMENTATIONS = YES;
				CLANG_WARN_DIRECT_OBJC_ISA_USAGE = YES_ERROR;
				CLANG_WARN_DOCUMENTATION_COMMENTS = YES;
				CLANG_WARN_EMPTY_BODY = YES;
				CLANG_WARN_ENUM_CONVERSION = YES;
				CLANG_WARN_INFINITE_RECURSION = YES;
				CLANG_WARN_INT_CONVERSION = YES;
				CLANG_WARN_NON_LITERAL_NULL_CONVERSION = YES;
				CLANG_WARN_OBJC_IMPLICIT_RETAIN_SELF = YES;
				CLANG_WARN_OBJC_LITERAL_CONVERSION = YES;
				CLANG_WARN_OBJC_ROOT_CLASS = YES_ERROR;
				CLANG_WARN_QUOTED_INCLUDE_IN_FRAMEWORK_HEADER = YES;
				CLANG_WARN_RANGE_LOOP_ANALYSIS = YES;
				CLANG_WARN_STRICT_PROTOTYPES = YES;
				CLANG_WARN_SUSPICIOUS_MOVE = YES;
				CLANG_WARN_UNGUARDED_AVAILABILITY = YES_AGGRESSIVE;
				CLANG_WARN_UNREACHABLE_CODE = YES;
				CLANG_WARN__DUPLICATE_METHOD_MATCH = YES;
				COPY_PHASE_STRIP = NO;
				DEBUG_INFORMATION_FORMAT = dwarf;
				ENABLE_STRICT_OBJC_MSGSEND = YES;
				ENABLE_TESTABILITY = YES;
				ENABLE_USER_SCRIPT_SANDBOXING = YES;
				GCC_C_LANGUAGE_STANDARD = gnu17;
				GCC_DYNAMIC_NO_PIC = NO;
				GCC_NO_COMMON_BLOCKS = YES;
				GCC_OPTIMIZATION_LEVEL = 0;
				GCC_PREPROCESSOR_DEFINITIONS = (
					"DEBUG=1",
					"$(inherited)",
				);
				GCC_WARN_64_TO_32_BIT_CONVERSION = YES;
				GCC_WARN_ABOUT_RETURN_TYPE = YES_ERROR;
				GCC_WARN_UNDECLARED_SELECTOR = YES;
				GCC_WARN_UNINITIALIZED_AUTOS = YES_AGGRESSIVE;
				GCC_WARN_UNUSED_FUNCTION = YES;
				GCC_WARN_UNUSED_VARIABLE = YES;
				IPHONEOS_DEPLOYMENT_TARGET = 17.2;
				LOCALIZATION_PREFERS_STRING_CATALOGS = YES;
				MTL_ENABLE_DEBUG_INFO = INCLUDE_SOURCE;
				MTL_FAST_MATH = YES;
				ONLY_ACTIVE_ARCH = YES;
				SDKROOT = iphoneos;
				SWIFT_ACTIVE_COMPILATION_CONDITIONS = "DEBUG $(inherited)";
				SWIFT_OPTIMIZATION_LEVEL = "-Onone";
			};
			name = Debug;
		};
		DBD5BCDE2B67E33A009A1EEA /* Release */ = {
			isa = XCBuildConfiguration;
			buildSettings = {
				ALWAYS_SEARCH_USER_PATHS = NO;
				ASSETCATALOG_COMPILER_GENERATE_SWIFT_ASSET_SYMBOL_EXTENSIONS = YES;
				CLANG_ANALYZER_NONNULL = YES;
				CLANG_ANALYZER_NUMBER_OBJECT_CONVERSION = YES_AGGRESSIVE;
				CLANG_CXX_LANGUAGE_STANDARD = "gnu++20";
				CLANG_ENABLE_MODULES = YES;
				CLANG_ENABLE_OBJC_ARC = YES;
				CLANG_ENABLE_OBJC_WEAK = YES;
				CLANG_WARN_BLOCK_CAPTURE_AUTORELEASING = YES;
				CLANG_WARN_BOOL_CONVERSION = YES;
				CLANG_WARN_COMMA = YES;
				CLANG_WARN_CONSTANT_CONVERSION = YES;
				CLANG_WARN_DEPRECATED_OBJC_IMPLEMENTATIONS = YES;
				CLANG_WARN_DIRECT_OBJC_ISA_USAGE = YES_ERROR;
				CLANG_WARN_DOCUMENTATION_COMMENTS = YES;
				CLANG_WARN_EMPTY_BODY = YES;
				CLANG_WARN_ENUM_CONVERSION = YES;
				CLANG_WARN_INFINITE_RECURSION = YES;
				CLANG_WARN_INT_CONVERSION = YES;
				CLANG_WARN_NON_LITERAL_NULL_CONVERSION = YES;
				CLANG_WARN_OBJC_IMPLICIT_RETAIN_SELF = YES;
				CLANG_WARN_OBJC_LITERAL_CONVERSION = YES;
				CLANG_WARN_OBJC_ROOT_CLASS = YES_ERROR;
				CLANG_WARN_QUOTED_INCLUDE_IN_FRAMEWORK_HEADER = YES;
				CLANG_WARN_RANGE_LOOP_ANALYSIS = YES;
				CLANG_WARN_STRICT_PROTOTYPES = YES;
				CLANG_WARN_SUSPICIOUS_MOVE = YES;
				CLANG_WARN_UNGUARDED_AVAILABILITY = YES_AGGRESSIVE;
				CLANG_WARN_UNREACHABLE_CODE = YES;
				CLANG_WARN__DUPLICATE_METHOD_MATCH = YES;
				COPY_PHASE_STRIP = NO;
				DEBUG_INFORMATION_FORMAT = "dwarf-with-dsym";
				ENABLE_NS_ASSERTIONS = NO;
				ENABLE_STRICT_OBJC_MSGSEND = YES;
				ENABLE_USER_SCRIPT_SANDBOXING = YES;
				GCC_C_LANGUAGE_STANDARD = gnu17;
				GCC_NO_COMMON_BLOCKS = YES;
				GCC_WARN_64_TO_32_BIT_CONVERSION = YES;
				GCC_WARN_ABOUT_RETURN_TYPE = YES_ERROR;
				GCC_WARN_UNDECLARED_SELECTOR = YES;
				GCC_WARN_UNINITIALIZED_AUTOS = YES_AGGRESSIVE;
				GCC_WARN_UNUSED_FUNCTION = YES;
				GCC_WARN_UNUSED_VARIABLE = YES;
				IPHONEOS_DEPLOYMENT_TARGET = 17.2;
				LOCALIZATION_PREFERS_STRING_CATALOGS = YES;
				MTL_ENABLE_DEBUG_INFO = NO;
				MTL_FAST_MATH = YES;
				SDKROOT = iphoneos;
				SWIFT_COMPILATION_MODE = wholemodule;
				VALIDATE_PRODUCT = YES;
			};
			name = Release;
		};
		DBD5BCE02B67E33A009A1EEA /* Debug */ = {
			isa = XCBuildConfiguration;
			buildSettings = {
				ASSETCATALOG_COMPILER_APPICON_NAME = AppIcon;
				ASSETCATALOG_COMPILER_GLOBAL_ACCENT_COLOR_NAME = AccentColor;
				CODE_SIGN_STYLE = Automatic;
				CURRENT_PROJECT_VERSION = 1;
				DEVELOPMENT_ASSET_PATHS = "\"Animations/Preview Content\"";
				DEVELOPMENT_TEAM = Y5H78DP4LK;
				ENABLE_PREVIEWS = YES;
				GENERATE_INFOPLIST_FILE = YES;
				INFOPLIST_KEY_UIApplicationSceneManifest_Generation = YES;
				INFOPLIST_KEY_UIApplicationSupportsIndirectInputEvents = YES;
				INFOPLIST_KEY_UILaunchScreen_Generation = YES;
				INFOPLIST_KEY_UISupportedInterfaceOrientations_iPad = "UIInterfaceOrientationPortrait UIInterfaceOrientationPortraitUpsideDown UIInterfaceOrientationLandscapeLeft UIInterfaceOrientationLandscapeRight";
				INFOPLIST_KEY_UISupportedInterfaceOrientations_iPhone = "UIInterfaceOrientationPortrait UIInterfaceOrientationLandscapeLeft UIInterfaceOrientationLandscapeRight";
				LD_RUNPATH_SEARCH_PATHS = (
					"$(inherited)",
					"@executable_path/Frameworks",
				);
				MARKETING_VERSION = 1.0;
				PRODUCT_BUNDLE_IDENTIFIER = com.CooperAJ.Animations;
				PRODUCT_NAME = "$(TARGET_NAME)";
				SWIFT_EMIT_LOC_STRINGS = YES;
				SWIFT_VERSION = 5.0;
				TARGETED_DEVICE_FAMILY = "1,2";
			};
			name = Debug;
		};
		DBD5BCE12B67E33A009A1EEA /* Release */ = {
			isa = XCBuildConfiguration;
			buildSettings = {
				ASSETCATALOG_COMPILER_APPICON_NAME = AppIcon;
				ASSETCATALOG_COMPILER_GLOBAL_ACCENT_COLOR_NAME = AccentColor;
				CODE_SIGN_STYLE = Automatic;
				CURRENT_PROJECT_VERSION = 1;
				DEVELOPMENT_ASSET_PATHS = "\"Animations/Preview Content\"";
				DEVELOPMENT_TEAM = Y5H78DP4LK;
				ENABLE_PREVIEWS = YES;
				GENERATE_INFOPLIST_FILE = YES;
				INFOPLIST_KEY_UIApplicationSceneManifest_Generation = YES;
				INFOPLIST_KEY_UIApplicationSupportsIndirectInputEvents = YES;
				INFOPLIST_KEY_UILaunchScreen_Generation = YES;
				INFOPLIST_KEY_UISupportedInterfaceOrientations_iPad = "UIInterfaceOrientationPortrait UIInterfaceOrientationPortraitUpsideDown UIInterfaceOrientationLandscapeLeft UIInterfaceOrientationLandscapeRight";
				INFOPLIST_KEY_UISupportedInterfaceOrientations_iPhone = "UIInterfaceOrientationPortrait UIInterfaceOrientationLandscapeLeft UIInterfaceOrientationLandscapeRight";
				LD_RUNPATH_SEARCH_PATHS = (
					"$(inherited)",
					"@executable_path/Frameworks",
				);
				MARKETING_VERSION = 1.0;
				PRODUCT_BUNDLE_IDENTIFIER = com.CooperAJ.Animations;
				PRODUCT_NAME = "$(TARGET_NAME)";
				SWIFT_EMIT_LOC_STRINGS = YES;
				SWIFT_VERSION = 5.0;
				TARGETED_DEVICE_FAMILY = "1,2";
			};
			name = Release;
		};
/* End XCBuildConfiguration section */

/* Begin XCConfigurationList section */
		DBD5BCCC2B67E336009A1EEA /* Build configuration list for PBXProject "Animations" */ = {
			isa = XCConfigurationList;
			buildConfigurations = (
				DBD5BCDD2B67E33A009A1EEA /* Debug */,
				DBD5BCDE2B67E33A009A1EEA /* Release */,
			);
			defaultConfigurationIsVisible = 0;
			defaultConfigurationName = Release;
		};
		DBD5BCDF2B67E33A009A1EEA /* Build configuration list for PBXNativeTarget "Animations" */ = {
			isa = XCConfigurationList;
			buildConfigurations = (
				DBD5BCE02B67E33A009A1EEA /* Debug */,
				DBD5BCE12B67E33A009A1EEA /* Release */,
			);
			defaultConfigurationIsVisible = 0;
			defaultConfigurationName = Release;
		};
/* End XCConfigurationList section */

/* Begin XCRemoteSwiftPackageReference section */
		DBD5BCE22B67E725009A1EEA /* XCRemoteSwiftPackageReference "lottie-ios" */ = {
			isa = XCRemoteSwiftPackageReference;
			repositoryURL = "https://github.com/airbnb/lottie-ios";
			requirement = {
				kind = upToNextMajorVersion;
				minimumVersion = 4.4.0;
			};
		};
/* End XCRemoteSwiftPackageReference section */

/* Begin XCSwiftPackageProductDependency section */
		DBD5BCE32B67E725009A1EEA /* Lottie */ = {
			isa = XCSwiftPackageProductDependency;
			package = DBD5BCE22B67E725009A1EEA /* XCRemoteSwiftPackageReference "lottie-ios" */;
			productName = Lottie;
		};
/* End XCSwiftPackageProductDependency section */
	};
	rootObject = DBD5BCC92B67E336009A1EEA /* Project object */;
}
